
Microsoft Visual Studio Solution File, Format Version 12.00
# Visual Studio Version 17
VisualStudioVersion = 17.8.34309.116
MinimumVisualStudioVersion = 10.0.40219.1
Project("{9A19103F-16F7-4668-BE54-9A1E7A4F7556}") = "BlockParser", "BlockParser\BlockParser.csproj", "{678B35F8-E8BD-4BD9-B268-E6F52716D476}"
EndProject
Project("{9A19103F-16F7-4668-BE54-9A1E7A4F7556}") = "Tests", "Tests\Tests.csproj", "{42125668-E87A-4321-8BE1-F370A4C2B673}"
EndProject
Project("{FAE04EC0-301F-11D3-BF4B-00C04F79EFBC}") = "BlockchainParser", "BlockchainParser\BlockchainParser.csproj", "{BEDF9330-AF61-49B7-99E8-C3642CB78B10}"
EndProject
Global
	GlobalSection(SolutionConfigurationPlatforms) = preSolution
		Debug|Any CPU = Debug|Any CPU
		Release|Any CPU = Release|Any CPU
	EndGlobalSection
	GlobalSection(ProjectConfigurationPlatforms) = postSolution
		{678B35F8-E8BD-4BD9-B268-E6F52716D476}.Debug|Any CPU.ActiveCfg = Debug|Any CPU
		{678B35F8-E8BD-4BD9-B268-E6F52716D476}.Debug|Any CPU.Build.0 = Debug|Any CPU
		{678B35F8-E8BD-4BD9-B268-E6F52716D476}.Release|Any CPU.ActiveCfg = Release|Any CPU
		{678B35F8-E8BD-4BD9-B268-E6F52716D476}.Release|Any CPU.Build.0 = Release|Any CPU
		{42125668-E87A-4321-8BE1-F370A4C2B673}.Debug|Any CPU.ActiveCfg = Debug|Any CPU
		{42125668-E87A-4321-8BE1-F370A4C2B673}.Debug|Any CPU.Build.0 = Debug|Any CPU
		{42125668-E87A-4321-8BE1-F370A4C2B673}.Release|Any CPU.ActiveCfg = Release|Any CPU
		{42125668-E87A-4321-8BE1-F370A4C2B673}.Release|Any CPU.Build.0 = Release|Any CPU
		{BEDF9330-AF61-49B7-99E8-C3642CB78B10}.Debug|Any CPU.ActiveCfg = Debug|Any CPU
		{BEDF9330-AF61-49B7-99E8-C3642CB78B10}.Debug|Any CPU.Build.0 = Debug|Any CPU
		{BEDF9330-AF61-49B7-99E8-C3642CB78B10}.Release|Any CPU.ActiveCfg = Release|Any CPU
		{BEDF9330-AF61-49B7-99E8-C3642CB78B10}.Release|Any CPU.Build.0 = Release|Any CPU
	EndGlobalSection
	GlobalSection(SolutionProperties) = preSolution
		HideSolutionNode = FALSE
	EndGlobalSection
	GlobalSection(ExtensibilityGlobals) = postSolution
		SolutionGuid = {1EA88A91-B55A-43C1-AE7D-5673A0D26FC9}
	EndGlobalSection
EndGlobal
